
Microsoft Visual Studio Solution File, Format Version 12.00
# Visual Studio Version 16
VisualStudioVersion = 16.0.32228.343
MinimumVisualStudioVersion = 10.0.40219.1
Project("{FAE04EC0-301F-11D3-BF4B-00C04F79EFBC}") = "ConsoleApp3", "ConsoleApp3\ConsoleApp3.csproj", "{67B9BF37-217E-4BCF-8139-3C2F7FABF311}"
EndProject
Global
	GlobalSection(SolutionConfigurationPlatforms) = preSolution
		Debug|Any CPU = Debug|Any CPU
		Release|Any CPU = Release|Any CPU
	EndGlobalSection
	GlobalSection(ProjectConfigurationPlatforms) = postSolution
		{67B9BF37-217E-4BCF-8139-3C2F7FABF311}.Debug|Any CPU.ActiveCfg = Debug|Any CPU
		{67B9BF37-217E-4BCF-8139-3C2F7FABF311}.Debug|Any CPU.Build.0 = Debug|Any CPU
		{67B9BF37-217E-4BCF-8139-3C2F7FABF311}.Release|Any CPU.ActiveCfg = Release|Any CPU
		{67B9BF37-217E-4BCF-8139-3C2F7FABF311}.Release|Any CPU.Build.0 = Release|Any CPU
	EndGlobalSection
	GlobalSection(SolutionProperties) = preSolution
		HideSolutionNode = FALSE
	EndGlobalSection
	GlobalSection(ExtensibilityGlobals) = postSolution
		SolutionGuid = {EBFBB6E5-4AE8-400B-9E76-53355A18DCA0}
	EndGlobalSection
EndGlobal
